
Microsoft Visual Studio Solution File, Format Version 12.00
# Visual Studio 15
VisualStudioVersion = 15.0.27703.2000
MinimumVisualStudioVersion = 10.0.40219.1
Project("{FAE04EC0-301F-11D3-BF4B-00C04F79EFBC}") = "GraphicsLibrary", "GraphicsLibrary\GraphicsLibrary.csproj", "{2B380D93-0613-4912-8109-C990C2DBC5B0}"
EndProject
Project("{FAE04EC0-301F-11D3-BF4B-00C04F79EFBC}") = "Graphics editor", "Graphics editor\Graphics editor.csproj", "{2B199E9E-18A9-4585-94BD-3418A39B497E}"
EndProject
Project("{FAE04EC0-301F-11D3-BF4B-00C04F79EFBC}") = "Animation", "Animation\Animation.csproj", "{A6D76EA6-FD8D-47D3-932B-97083D74CB41}"
EndProject
Global
	GlobalSection(SolutionConfigurationPlatforms) = preSolution
		Debug|Any CPU = Debug|Any CPU
		Release|Any CPU = Release|Any CPU
	EndGlobalSection
	GlobalSection(ProjectConfigurationPlatforms) = postSolution
		{2B380D93-0613-4912-8109-C990C2DBC5B0}.Debug|Any CPU.ActiveCfg = Debug|Any CPU
		{2B380D93-0613-4912-8109-C990C2DBC5B0}.Debug|Any CPU.Build.0 = Debug|Any CPU
		{2B380D93-0613-4912-8109-C990C2DBC5B0}.Release|Any CPU.ActiveCfg = Release|Any CPU
		{2B380D93-0613-4912-8109-C990C2DBC5B0}.Release|Any CPU.Build.0 = Release|Any CPU
		{2B199E9E-18A9-4585-94BD-3418A39B497E}.Debug|Any CPU.ActiveCfg = Debug|Any CPU
		{2B199E9E-18A9-4585-94BD-3418A39B497E}.Debug|Any CPU.Build.0 = Debug|Any CPU
		{2B199E9E-18A9-4585-94BD-3418A39B497E}.Release|Any CPU.ActiveCfg = Release|Any CPU
		{2B199E9E-18A9-4585-94BD-3418A39B497E}.Release|Any CPU.Build.0 = Release|Any CPU
		{A6D76EA6-FD8D-47D3-932B-97083D74CB41}.Debug|Any CPU.ActiveCfg = Debug|Any CPU
		{A6D76EA6-FD8D-47D3-932B-97083D74CB41}.Debug|Any CPU.Build.0 = Debug|Any CPU
		{A6D76EA6-FD8D-47D3-932B-97083D74CB41}.Release|Any CPU.ActiveCfg = Release|Any CPU
		{A6D76EA6-FD8D-47D3-932B-97083D74CB41}.Release|Any CPU.Build.0 = Release|Any CPU
	EndGlobalSection
	GlobalSection(SolutionProperties) = preSolution
		HideSolutionNode = FALSE
	EndGlobalSection
	GlobalSection(ExtensibilityGlobals) = postSolution
		SolutionGuid = {DB0276FB-71BB-4EE3-8DE3-E3F5667485BE}
	EndGlobalSection
EndGlobal
